
Microsoft Visual Studio Solution File, Format Version 12.00
# Visual Studio 15
VisualStudioVersion = 15.0.28307.421
MinimumVisualStudioVersion = 10.0.40219.1
Project("{FAE04EC0-301F-11D3-BF4B-00C04F79EFBC}") = "DependencyInjectionDemo", "DependencyInjectionDemo\DependencyInjectionDemo.csproj", "{DE8C9FD5-0D18-4ED0-8890-D0B00B29190C}"
EndProject
Global
	GlobalSection(SolutionConfigurationPlatforms) = preSolution
		Debug|Any CPU = Debug|Any CPU
		Release|Any CPU = Release|Any CPU
	EndGlobalSection
	GlobalSection(ProjectConfigurationPlatforms) = postSolution
		{DE8C9FD5-0D18-4ED0-8890-D0B00B29190C}.Debug|Any CPU.ActiveCfg = Debug|Any CPU
		{DE8C9FD5-0D18-4ED0-8890-D0B00B29190C}.Debug|Any CPU.Build.0 = Debug|Any CPU
		{DE8C9FD5-0D18-4ED0-8890-D0B00B29190C}.Release|Any CPU.ActiveCfg = Release|Any CPU
		{DE8C9FD5-0D18-4ED0-8890-D0B00B29190C}.Release|Any CPU.Build.0 = Release|Any CPU
	EndGlobalSection
	GlobalSection(SolutionProperties) = preSolution
		HideSolutionNode = FALSE
	EndGlobalSection
	GlobalSection(ExtensibilityGlobals) = postSolution
		SolutionGuid = {271A5650-A9E8-425D-A51B-A9E08CD2A857}
	EndGlobalSection
EndGlobal
