
Microsoft Visual Studio Solution File, Format Version 12.00
# Visual Studio 15
VisualStudioVersion = 15.0.28307.421
MinimumVisualStudioVersion = 10.0.40219.1
Project("{FAE04EC0-301F-11D3-BF4B-00C04F79EFBC}") = "MVCApp", "MVCApp\MVCApp.csproj", "{D0D8163F-F202-4545-A50B-E5B8A1D9ABBA}"
EndProject
Global
	GlobalSection(SolutionConfigurationPlatforms) = preSolution
		Debug|Any CPU = Debug|Any CPU
		Release|Any CPU = Release|Any CPU
	EndGlobalSection
	GlobalSection(ProjectConfigurationPlatforms) = postSolution
		{D0D8163F-F202-4545-A50B-E5B8A1D9ABBA}.Debug|Any CPU.ActiveCfg = Debug|Any CPU
		{D0D8163F-F202-4545-A50B-E5B8A1D9ABBA}.Debug|Any CPU.Build.0 = Debug|Any CPU
		{D0D8163F-F202-4545-A50B-E5B8A1D9ABBA}.Release|Any CPU.ActiveCfg = Release|Any CPU
		{D0D8163F-F202-4545-A50B-E5B8A1D9ABBA}.Release|Any CPU.Build.0 = Release|Any CPU
	EndGlobalSection
	GlobalSection(SolutionProperties) = preSolution
		HideSolutionNode = FALSE
	EndGlobalSection
	GlobalSection(ExtensibilityGlobals) = postSolution
		SolutionGuid = {A3871FDC-1389-471C-9B7E-3E2348F32227}
	EndGlobalSection
EndGlobal
