
Microsoft Visual Studio Solution File, Format Version 12.00
# Visual Studio 15
VisualStudioVersion = 15.0.28307.421
MinimumVisualStudioVersion = 10.0.40219.1
Project("{FAE04EC0-301F-11D3-BF4B-00C04F79EFBC}") = "DistributedCacheDemo", "DistributedCacheDemo\DistributedCacheDemo.csproj", "{2BB8BF74-B6E9-49EE-84F6-2EF16DC8D865}"
EndProject
Global
	GlobalSection(SolutionConfigurationPlatforms) = preSolution
		Debug|Any CPU = Debug|Any CPU
		Release|Any CPU = Release|Any CPU
	EndGlobalSection
	GlobalSection(ProjectConfigurationPlatforms) = postSolution
		{2BB8BF74-B6E9-49EE-84F6-2EF16DC8D865}.Debug|Any CPU.ActiveCfg = Debug|Any CPU
		{2BB8BF74-B6E9-49EE-84F6-2EF16DC8D865}.Debug|Any CPU.Build.0 = Debug|Any CPU
		{2BB8BF74-B6E9-49EE-84F6-2EF16DC8D865}.Release|Any CPU.ActiveCfg = Release|Any CPU
		{2BB8BF74-B6E9-49EE-84F6-2EF16DC8D865}.Release|Any CPU.Build.0 = Release|Any CPU
	EndGlobalSection
	GlobalSection(SolutionProperties) = preSolution
		HideSolutionNode = FALSE
	EndGlobalSection
	GlobalSection(ExtensibilityGlobals) = postSolution
		SolutionGuid = {512A6736-A2DA-480B-8D68-63342119A6D6}
	EndGlobalSection
EndGlobal
